{
  "version": 4,
  "terraform_version": "1.14.3",
  "serial": 74,
  "lineage": "b517ae0d-e43c-94b1-17a2-1a8d55a12965",
  "outputs": {},
  "resources": [
    {
      "module": "module.kubernetes_resources",
      "mode": "managed",
      "type": "kubernetes_config_map_v1",
      "name": "knowledge_repo_server_config",
      "provider": "module.kubernetes_resources.provider[\"registry.terraform.io/hashicorp/kubernetes\"]",
      "instances": [
        {
          "schema_version": 0,
          "attributes": {
            "binary_data": null,
            "data": {
              "DATABASE_URL": "postgresql://knowledge_repo:password_placeholder_change_me@knowledge-repo-db:5432/knowledge_repo",
              "DEBUG": "false",
              "GUNICORN_WORKERS": "2",
              "JWT_EXPIRY_HOURS": "24",
              "PORT": "5000"
            },
            "id": "knowledge-repo/knowledge-repo-server-config",
            "immutable": false,
            "metadata": [
              {
                "annotations": null,
                "generate_name": "",
                "generation": 0,
                "labels": null,
                "name": "knowledge-repo-server-config",
                "namespace": "knowledge-repo",
                "resource_version": "13431",
                "uid": "b34f1f0f-d2f6-4acf-a5f2-84e606dd3ce2"
              }
            ]
          },
          "sensitive_attributes": [
            [
              {
                "type": "get_attr",
                "value": "data"
              },
              {
                "type": "index",
                "value": {
                  "value": "DATABASE_URL",
                  "type": "string"
                }
              }
            ]
          ],
          "identity_schema_version": 1,
          "identity": {
            "api_version": "v1",
            "kind": "ConfigMap",
            "name": "knowledge-repo-server-config",
            "namespace": "knowledge-repo"
          },
          "private": "bnVsbA==",
          "dependencies": [
            "module.kubernetes_resources.kubernetes_namespace_v1.knowledge_repo",
            "module.kubernetes_resources.kubernetes_service_v1.knowledge_repo_db"
          ]
        }
      ]
    },
    {
      "module": "module.kubernetes_resources",
      "mode": "managed",
      "type": "kubernetes_deployment_v1",
      "name": "knowledge_repo_client",
      "provider": "module.kubernetes_resources.provider[\"registry.terraform.io/hashicorp/kubernetes\"]",
      "instances": [
        {
          "schema_version": 1,
          "attributes": {
            "id": "knowledge-repo/knowledge-repo-client",
            "metadata": [
              {
                "annotations": null,
                "generate_name": "",
                "generation": 1,
                "labels": {
                  "app": "knowledge-repo-client"
                },
                "name": "knowledge-repo-client",
                "namespace": "knowledge-repo",
                "resource_version": "13512",
                "uid": "16c14fb7-54be-4ca8-bb85-222ae4f84e3d"
              }
            ],
            "spec": [
              {
                "min_ready_seconds": 0,
                "paused": false,
                "progress_deadline_seconds": 600,
                "replicas": "2",
                "revision_history_limit": 10,
                "selector": [
                  {
                    "match_expressions": [],
                    "match_labels": {
                      "app": "knowledge-repo-client"
                    }
                  }
                ],
                "strategy": [
                  {
                    "rolling_update": [
                      {
                        "max_surge": "25%",
                        "max_unavailable": "25%"
                      }
                    ],
                    "type": "RollingUpdate"
                  }
                ],
                "template": [
                  {
                    "metadata": [
                      {
                        "annotations": null,
                        "generate_name": "",
                        "generation": 0,
                        "labels": {
                          "app": "knowledge-repo-client"
                        },
                        "name": "",
                        "namespace": "",
                        "resource_version": "",
                        "uid": ""
                      }
                    ],
                    "spec": [
                      {
                        "active_deadline_seconds": 0,
                        "affinity": [],
                        "automount_service_account_token": true,
                        "container": [
                          {
                            "args": null,
                            "command": null,
                            "env": [],
                            "env_from": [],
                            "image": "knowledge-repo-client:latest",
                            "image_pull_policy": "Never",
                            "lifecycle": [],
                            "liveness_probe": [],
                            "name": "knowledge-repo-client",
                            "port": [
                              {
                                "container_port": 8080,
                                "host_ip": "",
                                "host_port": 0,
                                "name": "http",
                                "protocol": "TCP"
                              }
                            ],
                            "readiness_probe": [],
                            "resources": [
                              {
                                "limits": {
                                  "cpu": "100m",
                                  "memory": "128Mi"
                                },
                                "requests": {
                                  "cpu": "50m",
                                  "memory": "64Mi"
                                }
                              }
                            ],
                            "restart_policy": "",
                            "security_context": [],
                            "startup_probe": [],
                            "stdin": false,
                            "stdin_once": false,
                            "termination_message_path": "/dev/termination-log",
                            "termination_message_policy": "File",
                            "tty": false,
                            "volume_device": [],
                            "volume_mount": [],
                            "working_dir": ""
                          }
                        ],
                        "dns_config": [],
                        "dns_policy": "ClusterFirst",
                        "enable_service_links": true,
                        "host_aliases": [],
                        "host_ipc": false,
                        "host_network": false,
                        "host_pid": false,
                        "hostname": "",
                        "image_pull_secrets": [],
                        "init_container": [],
                        "node_name": "",
                        "node_selector": null,
                        "os": [],
                        "priority_class_name": "",
                        "readiness_gate": [],
                        "restart_policy": "Always",
                        "runtime_class_name": "",
                        "scheduler_name": "default-scheduler",
                        "security_context": [],
                        "service_account_name": "",
                        "share_process_namespace": false,
                        "subdomain": "",
                        "termination_grace_period_seconds": 30,
                        "toleration": [],
                        "topology_spread_constraint": [],
                        "volume": []
                      }
                    ]
                  }
                ]
              }
            ],
            "timeouts": null,
            "wait_for_rollout": true
          },
          "sensitive_attributes": [],
          "identity_schema_version": 1,
          "identity": {
            "api_version": "apps/v1",
            "kind": "Deployment",
            "name": "knowledge-repo-client",
            "namespace": "knowledge-repo"
          },
          "private": "eyJlMmJmYjczMC1lY2FhLTExZTYtOGY4OC0zNDM2M2JjN2M0YzAiOnsiY3JlYXRlIjo2MDAwMDAwMDAwMDAsImRlbGV0ZSI6NjAwMDAwMDAwMDAwLCJ1cGRhdGUiOjYwMDAwMDAwMDAwMH0sInNjaGVtYV92ZXJzaW9uIjoiMSJ9",
          "dependencies": [
            "module.kubernetes_resources.kubernetes_namespace_v1.knowledge_repo"
          ]
        }
      ]
    },
    {
      "module": "module.kubernetes_resources",
      "mode": "managed",
      "type": "kubernetes_deployment_v1",
      "name": "knowledge_repo_server",
      "provider": "module.kubernetes_resources.provider[\"registry.terraform.io/hashicorp/kubernetes\"]",
      "instances": [
        {
          "schema_version": 1,
          "attributes": {
            "id": "knowledge-repo/knowledge-repo-server",
            "metadata": [
              {
                "annotations": null,
                "generate_name": "",
                "generation": 1,
                "labels": {
                  "app": "knowledge-repo-server"
                },
                "name": "knowledge-repo-server",
                "namespace": "knowledge-repo",
                "resource_version": "13517",
                "uid": "da557284-0111-4f93-b4be-6e66d6fb0d0d"
              }
            ],
            "spec": [
              {
                "min_ready_seconds": 0,
                "paused": false,
                "progress_deadline_seconds": 600,
                "replicas": "2",
                "revision_history_limit": 10,
                "selector": [
                  {
                    "match_expressions": [],
                    "match_labels": {
                      "app": "knowledge-repo-server"
                    }
                  }
                ],
                "strategy": [
                  {
                    "rolling_update": [
                      {
                        "max_surge": "25%",
                        "max_unavailable": "25%"
                      }
                    ],
                    "type": "RollingUpdate"
                  }
                ],
                "template": [
                  {
                    "metadata": [
                      {
                        "annotations": null,
                        "generate_name": "",
                        "generation": 0,
                        "labels": {
                          "app": "knowledge-repo-server"
                        },
                        "name": "",
                        "namespace": "",
                        "resource_version": "",
                        "uid": ""
                      }
                    ],
                    "spec": [
                      {
                        "active_deadline_seconds": 0,
                        "affinity": [],
                        "automount_service_account_token": true,
                        "container": [
                          {
                            "args": [
                              "echo \"Waiting for database...\" \u0026\u0026\r\necho \"Waiting for database...\" \u0026\u0026\r\npython -c \"import socket, time, sys; start=time.time();\r\nwhile True:\r\n    try:\r\n        socket.create_connection(('knowledge-repo-db', 5432), timeout=1); print('DB ready'); break\r\n    except OSError:\r\n        if time.time()-start\u003e120: print('Timeout waiting for DB'); sys.exit(1)\r\n        print('Waiting for DB...'); time.sleep(2)\" \u0026\u0026\r\npython seed_root_user.py \u0026\u0026\r\necho \"Initialization done. Starting Gunicorn...\" \u0026\u0026\r\ngunicorn -c gunicorn.conf.py app:app\r\n"
                            ],
                            "command": [
                              "/bin/sh",
                              "-c"
                            ],
                            "env": [],
                            "env_from": [
                              {
                                "config_map_ref": [
                                  {
                                    "name": "knowledge-repo-server-config",
                                    "optional": false
                                  }
                                ],
                                "prefix": "",
                                "secret_ref": []
                              },
                              {
                                "config_map_ref": [],
                                "prefix": "",
                                "secret_ref": [
                                  {
                                    "name": "knowledge-repo-server-secrets",
                                    "optional": false
                                  }
                                ]
                              }
                            ],
                            "image": "knowledge-repo-server:latest",
                            "image_pull_policy": "Never",
                            "lifecycle": [],
                            "liveness_probe": [],
                            "name": "knowledge-repo-server",
                            "port": [
                              {
                                "container_port": 5000,
                                "host_ip": "",
                                "host_port": 0,
                                "name": "http",
                                "protocol": "TCP"
                              }
                            ],
                            "readiness_probe": [],
                            "resources": [
                              {
                                "limits": {
                                  "cpu": "500m",
                                  "memory": "512Mi"
                                },
                                "requests": {
                                  "cpu": "100m",
                                  "memory": "128Mi"
                                }
                              }
                            ],
                            "restart_policy": "",
                            "security_context": [],
                            "startup_probe": [],
                            "stdin": false,
                            "stdin_once": false,
                            "termination_message_path": "/dev/termination-log",
                            "termination_message_policy": "File",
                            "tty": false,
                            "volume_device": [],
                            "volume_mount": [
                              {
                                "mount_path": "/app/uploads",
                                "mount_propagation": "None",
                                "name": "uploads",
                                "read_only": false,
                                "sub_path": "",
                                "sub_path_expr": ""
                              }
                            ],
                            "working_dir": ""
                          }
                        ],
                        "dns_config": [],
                        "dns_policy": "ClusterFirst",
                        "enable_service_links": true,
                        "host_aliases": [],
                        "host_ipc": false,
                        "host_network": false,
                        "host_pid": false,
                        "hostname": "",
                        "image_pull_secrets": [],
                        "init_container": [],
                        "node_name": "",
                        "node_selector": null,
                        "os": [],
                        "priority_class_name": "",
                        "readiness_gate": [],
                        "restart_policy": "Always",
                        "runtime_class_name": "",
                        "scheduler_name": "default-scheduler",
                        "security_context": [],
                        "service_account_name": "",
                        "share_process_namespace": false,
                        "subdomain": "",
                        "termination_grace_period_seconds": 30,
                        "toleration": [],
                        "topology_spread_constraint": [],
                        "volume": [
                          {
                            "aws_elastic_block_store": [],
                            "azure_disk": [],
                            "azure_file": [],
                            "ceph_fs": [],
                            "cinder": [],
                            "config_map": [],
                            "csi": [],
                            "downward_api": [],
                            "empty_dir": [],
                            "ephemeral": [],
                            "fc": [],
                            "flex_volume": [],
                            "flocker": [],
                            "gce_persistent_disk": [],
                            "git_repo": [],
                            "glusterfs": [],
                            "host_path": [],
                            "iscsi": [],
                            "local": [],
                            "name": "uploads",
                            "nfs": [],
                            "persistent_volume_claim": [
                              {
                                "claim_name": "knowledge-repo-uploads",
                                "read_only": false
                              }
                            ],
                            "photon_persistent_disk": [],
                            "projected": [],
                            "quobyte": [],
                            "rbd": [],
                            "secret": [],
                            "vsphere_volume": []
                          }
                        ]
                      }
                    ]
                  }
                ]
              }
            ],
            "timeouts": null,
            "wait_for_rollout": true
          },
          "sensitive_attributes": [],
          "identity_schema_version": 1,
          "identity": {
            "api_version": "apps/v1",
            "kind": "Deployment",
            "name": "knowledge-repo-server",
            "namespace": "knowledge-repo"
          },
          "private": "eyJlMmJmYjczMC1lY2FhLTExZTYtOGY4OC0zNDM2M2JjN2M0YzAiOnsiY3JlYXRlIjo2MDAwMDAwMDAwMDAsImRlbGV0ZSI6NjAwMDAwMDAwMDAwLCJ1cGRhdGUiOjYwMDAwMDAwMDAwMH0sInNjaGVtYV92ZXJzaW9uIjoiMSJ9",
          "dependencies": [
            "module.kubernetes_resources.kubernetes_config_map_v1.knowledge_repo_server_config",
            "module.kubernetes_resources.kubernetes_namespace_v1.knowledge_repo",
            "module.kubernetes_resources.kubernetes_persistent_volume_claim_v1.knowledge_repo_uploads",
            "module.kubernetes_resources.kubernetes_secret_v1.knowledge_repo_server_secrets",
            "module.kubernetes_resources.kubernetes_service_v1.knowledge_repo_db"
          ]
        }
      ]
    },
    {
      "module": "module.kubernetes_resources",
      "mode": "managed",
      "type": "kubernetes_namespace_v1",
      "name": "knowledge_repo",
      "provider": "module.kubernetes_resources.provider[\"registry.terraform.io/hashicorp/kubernetes\"]",
      "instances": [
        {
          "schema_version": 0,
          "attributes": {
            "id": "knowledge-repo",
            "metadata": [
              {
                "annotations": null,
                "generate_name": "",
                "generation": 0,
                "labels": null,
                "name": "knowledge-repo",
                "resource_version": "13397",
                "uid": "5d7890f6-37b0-4bec-8b9b-3453f86c0ac8"
              }
            ],
            "timeouts": null,
            "wait_for_default_service_account": false
          },
          "sensitive_attributes": [],
          "identity_schema_version": 1,
          "identity": {
            "api_version": "v1",
            "kind": "Namespace",
            "name": "knowledge-repo"
          },
          "private": "eyJlMmJmYjczMC1lY2FhLTExZTYtOGY4OC0zNDM2M2JjN2M0YzAiOnsiZGVsZXRlIjozMDAwMDAwMDAwMDB9fQ=="
        }
      ]
    },
    {
      "module": "module.kubernetes_resources",
      "mode": "managed",
      "type": "kubernetes_persistent_volume_claim_v1",
      "name": "knowledge_repo_db_data",
      "provider": "module.kubernetes_resources.provider[\"registry.terraform.io/hashicorp/kubernetes\"]",
      "instances": [
        {
          "schema_version": 0,
          "attributes": {
            "id": "knowledge-repo/knowledge-repo-db-data",
            "metadata": [
              {
                "annotations": null,
                "generate_name": "",
                "generation": 0,
                "labels": null,
                "name": "knowledge-repo-db-data",
                "namespace": "knowledge-repo",
                "resource_version": "13436",
                "uid": "bd0d47ff-a87a-4f5c-a1f8-93b6c037570d"
              }
            ],
            "spec": [
              {
                "access_modes": [
                  "ReadWriteOnce"
                ],
                "resources": [
                  {
                    "limits": null,
                    "requests": {
                      "storage": "1Gi"
                    }
                  }
                ],
                "selector": [],
                "storage_class_name": "hostpath",
                "volume_mode": "Filesystem",
                "volume_name": "pvc-bd0d47ff-a87a-4f5c-a1f8-93b6c037570d"
              }
            ],
            "timeouts": null,
            "wait_until_bound": true
          },
          "sensitive_attributes": [],
          "identity_schema_version": 0,
          "private": "eyJlMmJmYjczMC1lY2FhLTExZTYtOGY4OC0zNDM2M2JjN2M0YzAiOnsiY3JlYXRlIjozMDAwMDAwMDAwMDB9fQ==",
          "dependencies": [
            "module.kubernetes_resources.kubernetes_namespace_v1.knowledge_repo"
          ]
        }
      ]
    },
    {
      "module": "module.kubernetes_resources",
      "mode": "managed",
      "type": "kubernetes_persistent_volume_claim_v1",
      "name": "knowledge_repo_uploads",
      "provider": "module.kubernetes_resources.provider[\"registry.terraform.io/hashicorp/kubernetes\"]",
      "instances": [
        {
          "schema_version": 0,
          "attributes": {
            "id": "knowledge-repo/knowledge-repo-uploads",
            "metadata": [
              {
                "annotations": null,
                "generate_name": "",
                "generation": 0,
                "labels": null,
                "name": "knowledge-repo-uploads",
                "namespace": "knowledge-repo",
                "resource_version": "13450",
                "uid": "31b9ad6b-cc32-46f4-a248-d1f274a27698"
              }
            ],
            "spec": [
              {
                "access_modes": [
                  "ReadWriteOnce"
                ],
                "resources": [
                  {
                    "limits": null,
                    "requests": {
                      "storage": "1Gi"
                    }
                  }
                ],
                "selector": [],
                "storage_class_name": "hostpath",
                "volume_mode": "Filesystem",
                "volume_name": "pvc-31b9ad6b-cc32-46f4-a248-d1f274a27698"
              }
            ],
            "timeouts": null,
            "wait_until_bound": true
          },
          "sensitive_attributes": [],
          "identity_schema_version": 0,
          "private": "eyJlMmJmYjczMC1lY2FhLTExZTYtOGY4OC0zNDM2M2JjN2M0YzAiOnsiY3JlYXRlIjozMDAwMDAwMDAwMDB9fQ==",
          "dependencies": [
            "module.kubernetes_resources.kubernetes_namespace_v1.knowledge_repo"
          ]
        }
      ]
    },
    {
      "module": "module.kubernetes_resources",
      "mode": "managed",
      "type": "kubernetes_secret_v1",
      "name": "knowledge_repo_db_credentials",
      "provider": "module.kubernetes_resources.provider[\"registry.terraform.io/hashicorp/kubernetes\"]",
      "instances": [
        {
          "schema_version": 0,
          "attributes": {
            "binary_data": null,
            "binary_data_wo": null,
            "binary_data_wo_revision": null,
            "data": {
              "POSTGRES_DB": "knowledge_repo",
              "POSTGRES_PASSWORD": "password_placeholder_change_me",
              "POSTGRES_USER": "knowledge_repo"
            },
            "data_wo": null,
            "data_wo_revision": null,
            "id": "knowledge-repo/knowledge-repo-db-credentials",
            "immutable": false,
            "metadata": [
              {
                "annotations": null,
                "generate_name": "",
                "generation": 0,
                "labels": {
                  "app": "knowledge-repo-db"
                },
                "name": "knowledge-repo-db-credentials",
                "namespace": "knowledge-repo",
                "resource_version": "13400",
                "uid": "87bb7ae9-8e0d-45b9-a6ff-14d09e5b8e82"
              }
            ],
            "timeouts": null,
            "type": "Opaque",
            "wait_for_service_account_token": true
          },
          "sensitive_attributes": [
            [
              {
                "type": "get_attr",
                "value": "binary_data"
              }
            ],
            [
              {
                "type": "get_attr",
                "value": "data"
              }
            ],
            [
              {
                "type": "get_attr",
                "value": "data"
              },
              {
                "type": "index",
                "value": {
                  "value": "POSTGRES_PASSWORD",
                  "type": "string"
                }
              }
            ]
          ],
          "identity_schema_version": 1,
          "identity": {
            "api_version": "v1",
            "kind": "Secret",
            "name": "knowledge-repo-db-credentials",
            "namespace": "knowledge-repo"
          },
          "private": "eyJlMmJmYjczMC1lY2FhLTExZTYtOGY4OC0zNDM2M2JjN2M0YzAiOnsiY3JlYXRlIjo2MDAwMDAwMDAwMH19",
          "dependencies": [
            "module.kubernetes_resources.kubernetes_namespace_v1.knowledge_repo"
          ]
        }
      ]
    },
    {
      "module": "module.kubernetes_resources",
      "mode": "managed",
      "type": "kubernetes_secret_v1",
      "name": "knowledge_repo_server_secrets",
      "provider": "module.kubernetes_resources.provider[\"registry.terraform.io/hashicorp/kubernetes\"]",
      "instances": [
        {
          "schema_version": 0,
          "attributes": {
            "binary_data": null,
            "binary_data_wo": null,
            "binary_data_wo_revision": null,
            "data": {
              "JWT_SECRET": "your-super-secret-jwt-key-change-this-in-production"
            },
            "data_wo": null,
            "data_wo_revision": null,
            "id": "knowledge-repo/knowledge-repo-server-secrets",
            "immutable": false,
            "metadata": [
              {
                "annotations": null,
                "generate_name": "",
                "generation": 0,
                "labels": null,
                "name": "knowledge-repo-server-secrets",
                "namespace": "knowledge-repo",
                "resource_version": "13401",
                "uid": "3faf4368-b1ba-45d9-80a1-c8ec6f7d91e7"
              }
            ],
            "timeouts": null,
            "type": "Opaque",
            "wait_for_service_account_token": true
          },
          "sensitive_attributes": [
            [
              {
                "type": "get_attr",
                "value": "binary_data"
              }
            ],
            [
              {
                "type": "get_attr",
                "value": "data"
              }
            ]
          ],
          "identity_schema_version": 1,
          "identity": {
            "api_version": "v1",
            "kind": "Secret",
            "name": "knowledge-repo-server-secrets",
            "namespace": "knowledge-repo"
          },
          "private": "eyJlMmJmYjczMC1lY2FhLTExZTYtOGY4OC0zNDM2M2JjN2M0YzAiOnsiY3JlYXRlIjo2MDAwMDAwMDAwMH19",
          "dependencies": [
            "module.kubernetes_resources.kubernetes_namespace_v1.knowledge_repo"
          ]
        }
      ]
    },
    {
      "module": "module.kubernetes_resources",
      "mode": "managed",
      "type": "kubernetes_service_v1",
      "name": "knowledge_repo_client",
      "provider": "module.kubernetes_resources.provider[\"registry.terraform.io/hashicorp/kubernetes\"]",
      "instances": [
        {
          "schema_version": 1,
          "attributes": {
            "id": "knowledge-repo/knowledge-repo-client",
            "metadata": [
              {
                "annotations": null,
                "generate_name": "",
                "generation": 0,
                "labels": null,
                "name": "knowledge-repo-client",
                "namespace": "knowledge-repo",
                "resource_version": "13407",
                "uid": "b4a00a4b-0238-4fa2-b27f-e0900fde9f43"
              }
            ],
            "spec": [
              {
                "allocate_load_balancer_node_ports": true,
                "cluster_ip": "10.101.104.30",
                "cluster_ips": [
                  "10.101.104.30"
                ],
                "external_ips": null,
                "external_name": "",
                "external_traffic_policy": "Cluster",
                "health_check_node_port": 0,
                "internal_traffic_policy": "Cluster",
                "ip_families": [
                  "IPv4"
                ],
                "ip_family_policy": "SingleStack",
                "load_balancer_class": "",
                "load_balancer_ip": "",
                "load_balancer_source_ranges": null,
                "port": [
                  {
                    "app_protocol": "",
                    "name": "",
                    "node_port": 30051,
                    "port": 80,
                    "protocol": "TCP",
                    "target_port": "8080"
                  }
                ],
                "publish_not_ready_addresses": false,
                "selector": {
                  "app": "knowledge-repo-client"
                },
                "session_affinity": "None",
                "session_affinity_config": [],
                "type": "NodePort"
              }
            ],
            "status": [
              {
                "load_balancer": [
                  {
                    "ingress": []
                  }
                ]
              }
            ],
            "timeouts": null,
            "wait_for_load_balancer": true
          },
          "sensitive_attributes": [],
          "identity_schema_version": 1,
          "identity": {
            "api_version": "v1",
            "kind": "Service",
            "name": "knowledge-repo-client",
            "namespace": "knowledge-repo"
          },
          "private": "eyJlMmJmYjczMC1lY2FhLTExZTYtOGY4OC0zNDM2M2JjN2M0YzAiOnsiY3JlYXRlIjo2MDAwMDAwMDAwMDB9LCJzY2hlbWFfdmVyc2lvbiI6IjEifQ==",
          "dependencies": [
            "module.kubernetes_resources.kubernetes_namespace_v1.knowledge_repo"
          ]
        }
      ]
    },
    {
      "module": "module.kubernetes_resources",
      "mode": "managed",
      "type": "kubernetes_service_v1",
      "name": "knowledge_repo_db",
      "provider": "module.kubernetes_resources.provider[\"registry.terraform.io/hashicorp/kubernetes\"]",
      "instances": [
        {
          "schema_version": 1,
          "attributes": {
            "id": "knowledge-repo/knowledge-repo-db",
            "metadata": [
              {
                "annotations": null,
                "generate_name": "",
                "generation": 0,
                "labels": null,
                "name": "knowledge-repo-db",
                "namespace": "knowledge-repo",
                "resource_version": "13408",
                "uid": "45c6f0ce-eb68-4152-b838-1a82a5349574"
              }
            ],
            "spec": [
              {
                "allocate_load_balancer_node_ports": true,
                "cluster_ip": "10.98.72.15",
                "cluster_ips": [
                  "10.98.72.15"
                ],
                "external_ips": null,
                "external_name": "",
                "external_traffic_policy": "",
                "health_check_node_port": 0,
                "internal_traffic_policy": "Cluster",
                "ip_families": [
                  "IPv4"
                ],
                "ip_family_policy": "SingleStack",
                "load_balancer_class": "",
                "load_balancer_ip": "",
                "load_balancer_source_ranges": null,
                "port": [
                  {
                    "app_protocol": "",
                    "name": "",
                    "node_port": 0,
                    "port": 5432,
                    "protocol": "TCP",
                    "target_port": "5432"
                  }
                ],
                "publish_not_ready_addresses": false,
                "selector": {
                  "app": "knowledge-repo-db"
                },
                "session_affinity": "None",
                "session_affinity_config": [],
                "type": "ClusterIP"
              }
            ],
            "status": [
              {
                "load_balancer": [
                  {
                    "ingress": []
                  }
                ]
              }
            ],
            "timeouts": null,
            "wait_for_load_balancer": true
          },
          "sensitive_attributes": [],
          "identity_schema_version": 1,
          "identity": {
            "api_version": "v1",
            "kind": "Service",
            "name": "knowledge-repo-db",
            "namespace": "knowledge-repo"
          },
          "private": "eyJlMmJmYjczMC1lY2FhLTExZTYtOGY4OC0zNDM2M2JjN2M0YzAiOnsiY3JlYXRlIjo2MDAwMDAwMDAwMDB9LCJzY2hlbWFfdmVyc2lvbiI6IjEifQ==",
          "dependencies": [
            "module.kubernetes_resources.kubernetes_namespace_v1.knowledge_repo"
          ]
        }
      ]
    },
    {
      "module": "module.kubernetes_resources",
      "mode": "managed",
      "type": "kubernetes_service_v1",
      "name": "knowledge_repo_server",
      "provider": "module.kubernetes_resources.provider[\"registry.terraform.io/hashicorp/kubernetes\"]",
      "instances": [
        {
          "schema_version": 1,
          "attributes": {
            "id": "knowledge-repo/knowledge-repo-server",
            "metadata": [
              {
                "annotations": null,
                "generate_name": "",
                "generation": 0,
                "labels": null,
                "name": "knowledge-repo-server",
                "namespace": "knowledge-repo",
                "resource_version": "13420",
                "uid": "2a1450a4-aae1-48b9-a4c4-083c05de686c"
              }
            ],
            "spec": [
              {
                "allocate_load_balancer_node_ports": true,
                "cluster_ip": "10.100.194.100",
                "cluster_ips": [
                  "10.100.194.100"
                ],
                "external_ips": null,
                "external_name": "",
                "external_traffic_policy": "Cluster",
                "health_check_node_port": 0,
                "internal_traffic_policy": "Cluster",
                "ip_families": [
                  "IPv4"
                ],
                "ip_family_policy": "SingleStack",
                "load_balancer_class": "",
                "load_balancer_ip": "",
                "load_balancer_source_ranges": null,
                "port": [
                  {
                    "app_protocol": "",
                    "name": "",
                    "node_port": 30050,
                    "port": 5000,
                    "protocol": "TCP",
                    "target_port": "5000"
                  }
                ],
                "publish_not_ready_addresses": false,
                "selector": {
                  "app": "knowledge-repo-server"
                },
                "session_affinity": "None",
                "session_affinity_config": [],
                "type": "NodePort"
              }
            ],
            "status": [
              {
                "load_balancer": [
                  {
                    "ingress": []
                  }
                ]
              }
            ],
            "timeouts": null,
            "wait_for_load_balancer": true
          },
          "sensitive_attributes": [],
          "identity_schema_version": 1,
          "identity": {
            "api_version": "v1",
            "kind": "Service",
            "name": "knowledge-repo-server",
            "namespace": "knowledge-repo"
          },
          "private": "eyJlMmJmYjczMC1lY2FhLTExZTYtOGY4OC0zNDM2M2JjN2M0YzAiOnsiY3JlYXRlIjo2MDAwMDAwMDAwMDB9LCJzY2hlbWFfdmVyc2lvbiI6IjEifQ==",
          "dependencies": [
            "module.kubernetes_resources.kubernetes_namespace_v1.knowledge_repo"
          ]
        }
      ]
    },
    {
      "module": "module.kubernetes_resources",
      "mode": "managed",
      "type": "kubernetes_stateful_set_v1",
      "name": "knowledge_repo_db",
      "provider": "module.kubernetes_resources.provider[\"registry.terraform.io/hashicorp/kubernetes\"]",
      "instances": [
        {
          "schema_version": 1,
          "attributes": {
            "id": "knowledge-repo/knowledge-repo-db",
            "metadata": [
              {
                "annotations": null,
                "generate_name": "",
                "generation": 1,
                "labels": {
                  "app": "knowledge-repo-db"
                },
                "name": "knowledge-repo-db",
                "namespace": "knowledge-repo",
                "resource_version": "13539",
                "uid": "94b0f7cb-d724-4ea6-b57d-9be865a9472d"
              }
            ],
            "spec": [
              {
                "min_ready_seconds": 0,
                "persistent_volume_claim_retention_policy": [
                  {
                    "when_deleted": "Retain",
                    "when_scaled": "Retain"
                  }
                ],
                "pod_management_policy": "OrderedReady",
                "replicas": "1",
                "revision_history_limit": 0,
                "selector": [
                  {
                    "match_expressions": [],
                    "match_labels": {
                      "app": "knowledge-repo-db"
                    }
                  }
                ],
                "service_name": "knowledge-repo-db",
                "template": [
                  {
                    "metadata": [
                      {
                        "annotations": null,
                        "generate_name": "",
                        "generation": 0,
                        "labels": {
                          "app": "knowledge-repo-db"
                        },
                        "name": "",
                        "namespace": "",
                        "resource_version": "",
                        "uid": ""
                      }
                    ],
                    "spec": [
                      {
                        "active_deadline_seconds": 0,
                        "affinity": [],
                        "automount_service_account_token": true,
                        "container": [
                          {
                            "args": null,
                            "command": null,
                            "env": [],
                            "env_from": [
                              {
                                "config_map_ref": [],
                                "prefix": "",
                                "secret_ref": [
                                  {
                                    "name": "knowledge-repo-db-credentials",
                                    "optional": false
                                  }
                                ]
                              }
                            ],
                            "image": "postgres:15-alpine",
                            "image_pull_policy": "IfNotPresent",
                            "lifecycle": [],
                            "liveness_probe": [
                              {
                                "exec": [
                                  {
                                    "command": [
                                      "pg_isready",
                                      "-U",
                                      "knowledge_repo"
                                    ]
                                  }
                                ],
                                "failure_threshold": 3,
                                "grpc": [],
                                "http_get": [],
                                "initial_delay_seconds": 30,
                                "period_seconds": 10,
                                "success_threshold": 1,
                                "tcp_socket": [],
                                "timeout_seconds": 1
                              }
                            ],
                            "name": "postgres",
                            "port": [
                              {
                                "container_port": 5432,
                                "host_ip": "",
                                "host_port": 0,
                                "name": "postgres",
                                "protocol": "TCP"
                              }
                            ],
                            "readiness_probe": [
                              {
                                "exec": [
                                  {
                                    "command": [
                                      "pg_isready",
                                      "-U",
                                      "knowledge_repo"
                                    ]
                                  }
                                ],
                                "failure_threshold": 3,
                                "grpc": [],
                                "http_get": [],
                                "initial_delay_seconds": 5,
                                "period_seconds": 5,
                                "success_threshold": 1,
                                "tcp_socket": [],
                                "timeout_seconds": 1
                              }
                            ],
                            "resources": [
                              {
                                "limits": {
                                  "cpu": "500m",
                                  "memory": "512Mi"
                                },
                                "requests": {
                                  "cpu": "100m",
                                  "memory": "256Mi"
                                }
                              }
                            ],
                            "restart_policy": "",
                            "security_context": [],
                            "startup_probe": [],
                            "stdin": false,
                            "stdin_once": false,
                            "termination_message_path": "/dev/termination-log",
                            "termination_message_policy": "File",
                            "tty": false,
                            "volume_device": [],
                            "volume_mount": [
                              {
                                "mount_path": "/var/lib/postgresql/data",
                                "mount_propagation": "None",
                                "name": "data",
                                "read_only": false,
                                "sub_path": "",
                                "sub_path_expr": ""
                              }
                            ],
                            "working_dir": ""
                          }
                        ],
                        "dns_config": [],
                        "dns_policy": "ClusterFirst",
                        "enable_service_links": true,
                        "host_aliases": [],
                        "host_ipc": false,
                        "host_network": false,
                        "host_pid": false,
                        "hostname": "",
                        "image_pull_secrets": [],
                        "init_container": [],
                        "node_name": "",
                        "node_selector": null,
                        "os": [],
                        "priority_class_name": "",
                        "readiness_gate": [],
                        "restart_policy": "Always",
                        "runtime_class_name": "",
                        "scheduler_name": "default-scheduler",
                        "security_context": [],
                        "service_account_name": "",
                        "share_process_namespace": false,
                        "subdomain": "",
                        "termination_grace_period_seconds": 30,
                        "toleration": [],
                        "topology_spread_constraint": [],
                        "volume": [
                          {
                            "aws_elastic_block_store": [],
                            "azure_disk": [],
                            "azure_file": [],
                            "ceph_fs": [],
                            "cinder": [],
                            "config_map": [],
                            "csi": [],
                            "downward_api": [],
                            "empty_dir": [],
                            "ephemeral": [],
                            "fc": [],
                            "flex_volume": [],
                            "flocker": [],
                            "gce_persistent_disk": [],
                            "git_repo": [],
                            "glusterfs": [],
                            "host_path": [],
                            "iscsi": [],
                            "local": [],
                            "name": "data",
                            "nfs": [],
                            "persistent_volume_claim": [
                              {
                                "claim_name": "knowledge-repo-db-data",
                                "read_only": false
                              }
                            ],
                            "photon_persistent_disk": [],
                            "projected": [],
                            "quobyte": [],
                            "rbd": [],
                            "secret": [],
                            "vsphere_volume": []
                          }
                        ]
                      }
                    ]
                  }
                ],
                "update_strategy": [],
                "volume_claim_template": []
              }
            ],
            "timeouts": null,
            "wait_for_rollout": true
          },
          "sensitive_attributes": [],
          "identity_schema_version": 1,
          "identity": {
            "api_version": "apps/v1",
            "kind": "StatefulSet",
            "name": "knowledge-repo-db",
            "namespace": "knowledge-repo"
          },
          "private": "eyJlMmJmYjczMC1lY2FhLTExZTYtOGY4OC0zNDM2M2JjN2M0YzAiOnsiY3JlYXRlIjo2MDAwMDAwMDAwMDAsImRlbGV0ZSI6NjAwMDAwMDAwMDAwLCJyZWFkIjo2MDAwMDAwMDAwMDAsInVwZGF0ZSI6NjAwMDAwMDAwMDAwfSwic2NoZW1hX3ZlcnNpb24iOiIxIn0=",
          "dependencies": [
            "module.kubernetes_resources.kubernetes_namespace_v1.knowledge_repo",
            "module.kubernetes_resources.kubernetes_persistent_volume_claim_v1.knowledge_repo_db_data",
            "module.kubernetes_resources.kubernetes_secret_v1.knowledge_repo_db_credentials"
          ]
        }
      ]
    }
  ],
  "check_results": null
}
